{
  "version": 4,
  "terraform_version": "1.6.3",
  "serial": 405,
  "lineage": "1d64ec16-a3de-d5d6-74f2-9599596e6cc2",
  "outputs": {},
  "resources": [
    {
      "mode": "managed",
      "type": "aws_key_pair",
      "name": "ssh_key",
      "provider": "provider[\"registry.terraform.io/hashicorp/aws\"]",
      "instances": [
        {
          "schema_version": 1,
          "attributes": {
            "arn": "arn:aws:ec2:us-east-1:145772393440:key-pair/ssh_key",
            "fingerprint": "5dVEhA7S2TeYC9qTpfW0WM3wxoKNal5vz5o7ZIwzVOM=",
            "id": "ssh_key",
            "key_name": "ssh_key",
            "key_name_prefix": "",
            "key_pair_id": "key-08f9794b24c0b5e66",
            "key_type": "ed25519",
            "public_key": "ssh-rsa AAAAB3NzaC1yc2EAAAADAQABAAABgQC3zGXU+PE6o1CPOf+jB9qW5pQalVJ/0inlCItQJhCT3cI+Nb/3n7EJQ0lPLKwunfoNrgYyGbJFtYucOvRwWF9G22J6gxyjEdXpDXhndSzV37LxuPZ53TZxP/Ksz6d6/H64G4R+xpjp1nmMCyjxxh87Y/THMOWe6DS0122ByQzu/Syeua6ql4dbmJAPiSXhdwtG6+AekGy+Qvis+FSvMbJhdhObzt7comGAqCZd8AACsLgkeV9Ee+HZmm3gUxpfpT6BbH7gJpmB2IYSjDW0JFidafGIe6WR3w+P2kUyxCR2+Ykq6IAmA7EqpJFn/LwLPzLG5t8KPap/r3FKS2Z/osiu8VXcbRqiO7P4Z72sIDbCg7p8eds0FO+qb+YxNKOIFBu+o3r6JAz7qp3tDG0+1yfum6a+yvOLtJT7luKmYD0eQgh0BSKp4xLtQ5e3zVTnDCF3Rtr6Jlr1hZtBkC1xTmQpoknuU7s8cQuLQikGRP4z3vO4YgyQZPi9ImUvNa8My9E= basti@DESKTOP-6E96H31",
            "tags": {},
            "tags_all": {}
          },
          "sensitive_attributes": [],
          "private": "eyJzY2hlbWFfdmVyc2lvbiI6IjEifQ=="
        }
      ]
    }
  ],
  "check_results": null
}
